
Microsoft Visual Studio Solution File, Format Version 12.00
# Visual Studio 15
VisualStudioVersion = 15.0.33403.129
MinimumVisualStudioVersion = 10.0.40219.1
Project("{FAE04EC0-301F-11D3-BF4B-00C04F79EFBC}") = "projectwk3", "projectwk3\projectwk3.csproj", "{66D8C57C-F28D-497B-8441-E52E394FDDDB}"
EndProject
Global
	GlobalSection(SolutionConfigurationPlatforms) = preSolution
		Debug|Any CPU = Debug|Any CPU
		Release|Any CPU = Release|Any CPU
	EndGlobalSection
	GlobalSection(ProjectConfigurationPlatforms) = postSolution
		{66D8C57C-F28D-497B-8441-E52E394FDDDB}.Debug|Any CPU.ActiveCfg = Debug|Any CPU
		{66D8C57C-F28D-497B-8441-E52E394FDDDB}.Debug|Any CPU.Build.0 = Debug|Any CPU
		{66D8C57C-F28D-497B-8441-E52E394FDDDB}.Release|Any CPU.ActiveCfg = Release|Any CPU
		{66D8C57C-F28D-497B-8441-E52E394FDDDB}.Release|Any CPU.Build.0 = Release|Any CPU
	EndGlobalSection
	GlobalSection(SolutionProperties) = preSolution
		HideSolutionNode = FALSE
	EndGlobalSection
	GlobalSection(ExtensibilityGlobals) = postSolution
		SolutionGuid = {2D675F3F-AFDE-42A6-8F11-C3568E992FB2}
	EndGlobalSection
EndGlobal
